
Microsoft Visual Studio Solution File, Format Version 12.00
# Visual Studio Version 17
VisualStudioVersion = 17.9.34714.143
MinimumVisualStudioVersion = 10.0.40219.1
Project("{9A19103F-16F7-4668-BE54-9A1E7A4F7556}") = "SweatStats_Presentation", "SweatStats_Presentation\SweatStats_Presentation.csproj", "{9746DED9-A398-4776-B4D2-78606FE7BF42}"
EndProject
Project("{FAE04EC0-301F-11D3-BF4B-00C04F79EFBC}") = "SweatStats_DAL", "SweatStats_DAL\SweatStats_DAL.csproj", "{C8458198-1FA5-4643-8576-9FD82D1C7F7F}"
EndProject
Project("{FAE04EC0-301F-11D3-BF4B-00C04F79EFBC}") = "SweatStats_Logic", "SweatStats_Logic\SweatStats_Logic.csproj", "{BC6F305B-7657-4491-80E3-CC9E9C7516A9}"
EndProject
Global
	GlobalSection(SolutionConfigurationPlatforms) = preSolution
		Debug|Any CPU = Debug|Any CPU
		Release|Any CPU = Release|Any CPU
	EndGlobalSection
	GlobalSection(ProjectConfigurationPlatforms) = postSolution
		{9746DED9-A398-4776-B4D2-78606FE7BF42}.Debug|Any CPU.ActiveCfg = Debug|Any CPU
		{9746DED9-A398-4776-B4D2-78606FE7BF42}.Debug|Any CPU.Build.0 = Debug|Any CPU
		{9746DED9-A398-4776-B4D2-78606FE7BF42}.Release|Any CPU.ActiveCfg = Release|Any CPU
		{9746DED9-A398-4776-B4D2-78606FE7BF42}.Release|Any CPU.Build.0 = Release|Any CPU
		{C8458198-1FA5-4643-8576-9FD82D1C7F7F}.Debug|Any CPU.ActiveCfg = Debug|Any CPU
		{C8458198-1FA5-4643-8576-9FD82D1C7F7F}.Debug|Any CPU.Build.0 = Debug|Any CPU
		{C8458198-1FA5-4643-8576-9FD82D1C7F7F}.Release|Any CPU.ActiveCfg = Release|Any CPU
		{C8458198-1FA5-4643-8576-9FD82D1C7F7F}.Release|Any CPU.Build.0 = Release|Any CPU
		{BC6F305B-7657-4491-80E3-CC9E9C7516A9}.Debug|Any CPU.ActiveCfg = Debug|Any CPU
		{BC6F305B-7657-4491-80E3-CC9E9C7516A9}.Debug|Any CPU.Build.0 = Debug|Any CPU
		{BC6F305B-7657-4491-80E3-CC9E9C7516A9}.Release|Any CPU.ActiveCfg = Release|Any CPU
		{BC6F305B-7657-4491-80E3-CC9E9C7516A9}.Release|Any CPU.Build.0 = Release|Any CPU
	EndGlobalSection
	GlobalSection(SolutionProperties) = preSolution
		HideSolutionNode = FALSE
	EndGlobalSection
	GlobalSection(ExtensibilityGlobals) = postSolution
		SolutionGuid = {8D54D547-4AF6-498F-8AC0-99CD255FEB68}
	EndGlobalSection
EndGlobal
